
Microsoft Visual Studio Solution File, Format Version 12.00
# Visual Studio Version 16
VisualStudioVersion = 16.0.29728.190
MinimumVisualStudioVersion = 10.0.40219.1
Project("{FAE04EC0-301F-11D3-BF4B-00C04F79EFBC}") = "Drawing", "Drawing\Drawing.csproj", "{971612E7-407A-4DC9-9F8B-8EF93D517DEF}"
EndProject
Global
	GlobalSection(SolutionConfigurationPlatforms) = preSolution
		Debug|Any CPU = Debug|Any CPU
		Release|Any CPU = Release|Any CPU
	EndGlobalSection
	GlobalSection(ProjectConfigurationPlatforms) = postSolution
		{971612E7-407A-4DC9-9F8B-8EF93D517DEF}.Debug|Any CPU.ActiveCfg = Debug|Any CPU
		{971612E7-407A-4DC9-9F8B-8EF93D517DEF}.Debug|Any CPU.Build.0 = Debug|Any CPU
		{971612E7-407A-4DC9-9F8B-8EF93D517DEF}.Release|Any CPU.ActiveCfg = Release|Any CPU
		{971612E7-407A-4DC9-9F8B-8EF93D517DEF}.Release|Any CPU.Build.0 = Release|Any CPU
	EndGlobalSection
	GlobalSection(SolutionProperties) = preSolution
		HideSolutionNode = FALSE
	EndGlobalSection
	GlobalSection(ExtensibilityGlobals) = postSolution
		SolutionGuid = {119D4915-0BB5-4D3B-8B75-47DCF45FB46A}
	EndGlobalSection
EndGlobal
